
Microsoft Visual Studio Solution File, Format Version 12.00
# Visual Studio Version 17
VisualStudioVersion = 17.14.36518.9 d17.14
MinimumVisualStudioVersion = 10.0.40219.1
Project("{FAE04EC0-301F-11D3-BF4B-00C04F79EFBC}") = "mcp-server-mock-schema", "mcp-server-mock-schema\mcp-server-mock-schema.csproj", "{B3738990-5E61-4F64-8299-4A6D61327AD1}"
EndProject
Global
	GlobalSection(SolutionConfigurationPlatforms) = preSolution
		Debug|Any CPU = Debug|Any CPU
		Release|Any CPU = Release|Any CPU
	EndGlobalSection
	GlobalSection(ProjectConfigurationPlatforms) = postSolution
		{B3738990-5E61-4F64-8299-4A6D61327AD1}.Debug|Any CPU.ActiveCfg = Debug|Any CPU
		{B3738990-5E61-4F64-8299-4A6D61327AD1}.Debug|Any CPU.Build.0 = Debug|Any CPU
		{B3738990-5E61-4F64-8299-4A6D61327AD1}.Release|Any CPU.ActiveCfg = Release|Any CPU
		{B3738990-5E61-4F64-8299-4A6D61327AD1}.Release|Any CPU.Build.0 = Release|Any CPU
	EndGlobalSection
	GlobalSection(SolutionProperties) = preSolution
		HideSolutionNode = FALSE
	EndGlobalSection
	GlobalSection(ExtensibilityGlobals) = postSolution
		SolutionGuid = {08BD690F-71B0-405E-85A0-5E51D1C8B222}
	EndGlobalSection
EndGlobal
